
Microsoft Visual Studio Solution File, Format Version 12.00
# Visual Studio Version 17
VisualStudioVersion = 17.10.34707.107
MinimumVisualStudioVersion = 10.0.40219.1
Project("{FAE04EC0-301F-11D3-BF4B-00C04F79EFBC}") = "lekcjaApi", "lekcjaApi\lekcjaApi.csproj", "{FF813D8A-F802-47A5-92DB-A1BBD2F0ABF0}"
EndProject
Global
	GlobalSection(SolutionConfigurationPlatforms) = preSolution
		Debug|Any CPU = Debug|Any CPU
		Release|Any CPU = Release|Any CPU
	EndGlobalSection
	GlobalSection(ProjectConfigurationPlatforms) = postSolution
		{FF813D8A-F802-47A5-92DB-A1BBD2F0ABF0}.Debug|Any CPU.ActiveCfg = Debug|Any CPU
		{FF813D8A-F802-47A5-92DB-A1BBD2F0ABF0}.Debug|Any CPU.Build.0 = Debug|Any CPU
		{FF813D8A-F802-47A5-92DB-A1BBD2F0ABF0}.Release|Any CPU.ActiveCfg = Release|Any CPU
		{FF813D8A-F802-47A5-92DB-A1BBD2F0ABF0}.Release|Any CPU.Build.0 = Release|Any CPU
	EndGlobalSection
	GlobalSection(SolutionProperties) = preSolution
		HideSolutionNode = FALSE
	EndGlobalSection
	GlobalSection(ExtensibilityGlobals) = postSolution
		SolutionGuid = {B30AE55C-8B26-4E94-B9BD-84042D071BBC}
	EndGlobalSection
EndGlobal
